
Microsoft Visual Studio Solution File, Format Version 12.00
# Visual Studio 14
VisualStudioVersion = 14.0.25420.1
MinimumVisualStudioVersion = 10.0.40219.1
Project("{FAE04EC0-301F-11D3-BF4B-00C04F79EFBC}") = "QueueSystem2", "QueueSystem2\QueueSystem2.csproj", "{C0924369-A91E-4066-A807-FA5E49318D7D}"
EndProject
Global
	GlobalSection(SolutionConfigurationPlatforms) = preSolution
		Debug|Any CPU = Debug|Any CPU
		Release|Any CPU = Release|Any CPU
	EndGlobalSection
	GlobalSection(ProjectConfigurationPlatforms) = postSolution
		{C0924369-A91E-4066-A807-FA5E49318D7D}.Debug|Any CPU.ActiveCfg = Debug|Any CPU
		{C0924369-A91E-4066-A807-FA5E49318D7D}.Debug|Any CPU.Build.0 = Debug|Any CPU
		{C0924369-A91E-4066-A807-FA5E49318D7D}.Release|Any CPU.ActiveCfg = Release|Any CPU
		{C0924369-A91E-4066-A807-FA5E49318D7D}.Release|Any CPU.Build.0 = Release|Any CPU
	EndGlobalSection
	GlobalSection(SolutionProperties) = preSolution
		HideSolutionNode = FALSE
	EndGlobalSection
EndGlobal
